
Microsoft Visual Studio Solution File, Format Version 12.00
# Visual Studio 15
VisualStudioVersion = 15.0.28307.1000
MinimumVisualStudioVersion = 10.0.40219.1
Project("{FAE04EC0-301F-11D3-BF4B-00C04F79EFBC}") = "MoneyBin2", "MoneyBin2\MoneyBin2.csproj", "{3D01761B-389E-47B7-A8F3-5880790208D9}"
EndProject
Project("{FAE04EC0-301F-11D3-BF4B-00C04F79EFBC}") = "DataLayer", "DataLayer\DataLayer.csproj", "{C75B1460-3DA4-4D24-A0B8-3683DE1D22FC}"
EndProject
Project("{FAE04EC0-301F-11D3-BF4B-00C04F79EFBC}") = "Cotacoes", "Cotacoes\Cotacoes.csproj", "{92B38440-F253-4E28-93D5-8267857FABBE}"
EndProject
Project("{FAE04EC0-301F-11D3-BF4B-00C04F79EFBC}") = "WeekendAnalysis", "WeekendAnalysis\WeekendAnalysis.csproj", "{E18B5AED-1528-4AA7-B6B3-C54BC34072B0}"
EndProject
Project("{FAE04EC0-301F-11D3-BF4B-00C04F79EFBC}") = "CEF_Rentabilidade", "CEF_Rentabilidade\CEF_Rentabilidade.csproj", "{A638A2D2-BB46-47FB-8CC5-726C9CE5BB74}"
EndProject
Project("{FAE04EC0-301F-11D3-BF4B-00C04F79EFBC}") = "CEF_Rentabilidade2", "CEF_Rentabilidade2\CEF_Rentabilidade2.csproj", "{42DAA0B8-A274-4F19-8206-1F5C3905F2F3}"
EndProject
Global
	GlobalSection(SolutionConfigurationPlatforms) = preSolution
		Debug|Any CPU = Debug|Any CPU
		Release|Any CPU = Release|Any CPU
	EndGlobalSection
	GlobalSection(ProjectConfigurationPlatforms) = postSolution
		{3D01761B-389E-47B7-A8F3-5880790208D9}.Debug|Any CPU.ActiveCfg = Debug|Any CPU
		{3D01761B-389E-47B7-A8F3-5880790208D9}.Debug|Any CPU.Build.0 = Debug|Any CPU
		{3D01761B-389E-47B7-A8F3-5880790208D9}.Release|Any CPU.ActiveCfg = Release|Any CPU
		{3D01761B-389E-47B7-A8F3-5880790208D9}.Release|Any CPU.Build.0 = Release|Any CPU
		{C75B1460-3DA4-4D24-A0B8-3683DE1D22FC}.Debug|Any CPU.ActiveCfg = Debug|Any CPU
		{C75B1460-3DA4-4D24-A0B8-3683DE1D22FC}.Debug|Any CPU.Build.0 = Debug|Any CPU
		{C75B1460-3DA4-4D24-A0B8-3683DE1D22FC}.Release|Any CPU.ActiveCfg = Release|Any CPU
		{C75B1460-3DA4-4D24-A0B8-3683DE1D22FC}.Release|Any CPU.Build.0 = Release|Any CPU
		{92B38440-F253-4E28-93D5-8267857FABBE}.Debug|Any CPU.ActiveCfg = Debug|Any CPU
		{92B38440-F253-4E28-93D5-8267857FABBE}.Debug|Any CPU.Build.0 = Debug|Any CPU
		{92B38440-F253-4E28-93D5-8267857FABBE}.Release|Any CPU.ActiveCfg = Release|Any CPU
		{92B38440-F253-4E28-93D5-8267857FABBE}.Release|Any CPU.Build.0 = Release|Any CPU
		{E18B5AED-1528-4AA7-B6B3-C54BC34072B0}.Debug|Any CPU.ActiveCfg = Debug|Any CPU
		{E18B5AED-1528-4AA7-B6B3-C54BC34072B0}.Debug|Any CPU.Build.0 = Debug|Any CPU
		{E18B5AED-1528-4AA7-B6B3-C54BC34072B0}.Release|Any CPU.ActiveCfg = Release|Any CPU
		{E18B5AED-1528-4AA7-B6B3-C54BC34072B0}.Release|Any CPU.Build.0 = Release|Any CPU
		{A638A2D2-BB46-47FB-8CC5-726C9CE5BB74}.Debug|Any CPU.ActiveCfg = Debug|Any CPU
		{A638A2D2-BB46-47FB-8CC5-726C9CE5BB74}.Debug|Any CPU.Build.0 = Debug|Any CPU
		{A638A2D2-BB46-47FB-8CC5-726C9CE5BB74}.Release|Any CPU.ActiveCfg = Release|Any CPU
		{A638A2D2-BB46-47FB-8CC5-726C9CE5BB74}.Release|Any CPU.Build.0 = Release|Any CPU
		{42DAA0B8-A274-4F19-8206-1F5C3905F2F3}.Debug|Any CPU.ActiveCfg = Debug|Any CPU
		{42DAA0B8-A274-4F19-8206-1F5C3905F2F3}.Debug|Any CPU.Build.0 = Debug|Any CPU
		{42DAA0B8-A274-4F19-8206-1F5C3905F2F3}.Release|Any CPU.ActiveCfg = Release|Any CPU
		{42DAA0B8-A274-4F19-8206-1F5C3905F2F3}.Release|Any CPU.Build.0 = Release|Any CPU
	EndGlobalSection
	GlobalSection(SolutionProperties) = preSolution
		HideSolutionNode = FALSE
	EndGlobalSection
	GlobalSection(ExtensibilityGlobals) = postSolution
		SolutionGuid = {46D7CE8B-EF5B-4FDF-BE6F-C38E540532F3}
	EndGlobalSection
EndGlobal
